<?xml version="1.0" encoding="utf-8"?>
<Project ToolsVersion="4.0" xmlns="http://schemas.microsoft.com/developer/msbuild/2003">
  <ItemGroup>
    <Filter Include="Исходные файлы">
      <UniqueIdentifier>{4FC737F1-C7A5-4376-A066-2A32D752A2FF}</UniqueIdentifier>
      <Extensions>cpp;c;cc;cxx;c++;cppm;ixx;def;odl;idl;hpj;bat;asm;asmx</Extensions>
    </Filter>
    <Filter Include="Файлы заголовков">
      <UniqueIdentifier>{93995380-89BD-4b04-88EB-625FBE52EBFB}</UniqueIdentifier>
      <Extensions>h;hh;hpp;hxx;h++;hm;inl;inc;ipp;xsd</Extensions>
    </Filter>
    <Filter Include="Файлы ресурсов">
      <UniqueIdentifier>{67DA6AB6-F800-4c08-8B7A-83BB121AAD01}</UniqueIdentifier>
      <Extensions>rc;ico;cur;bmp;dlg;rc2;rct;bin;rgs;gif;jpg;jpeg;jpe;resx;tiff;tif;png;wav;mfcribbon-ms</Extensions>
    </Filter>
    <Filter Include="Исходные файлы\Libs">
      <UniqueIdentifier>{8a189a07-d087-421e-a9ef-b78bda83d721}</UniqueIdentifier>
    </Filter>
    <Filter Include="Файлы ресурсов\Shaders">
      <UniqueIdentifier>{a8e4c939-d0b3-47cf-bde8-064d0e59783b}</UniqueIdentifier>
    </Filter>
    <Filter Include="Файлы ресурсов\Textures">
      <UniqueIdentifier>{ca17e7bd-9ff4-4e16-b3af-b9ce0befb9e0}</UniqueIdentifier>
    </Filter>
    <Filter Include="Исходные файлы\IO">
      <UniqueIdentifier>{0c9a098a-eed7-4a2c-840e-6a63bec069d1}</UniqueIdentifier>
    </Filter>
    <Filter Include="Исходные файлы\Renderer">
      <UniqueIdentifier>{cb11f886-36a4-451e-b230-5ee3d77013ba}</UniqueIdentifier>
    </Filter>
    <Filter Include="Файлы ресурсов\Shaders\FragmentShaders">
      <UniqueIdentifier>{d7a42d81-36e4-4217-ad7c-ca2bf938e87f}</UniqueIdentifier>
    </Filter>
    <Filter Include="Файлы ресурсов\Shaders\VertexShaders">
      <UniqueIdentifier>{b233d4dc-d136-4f67-90b1-8f6ae2764289}</UniqueIdentifier>
    </Filter>
    <Filter Include="Исходные файлы\Renderer\Shaders">
      <UniqueIdentifier>{84927b04-bf76-441d-b4b1-22ccbdc9d106}</UniqueIdentifier>
    </Filter>
    <Filter Include="Исходные файлы\Renderer\Textures">
      <UniqueIdentifier>{7b3ac17c-9242-4b39-a1f1-37384c7c74c1}</UniqueIdentifier>
    </Filter>
    <Filter Include="Исходные файлы\Renderer\Mesh">
      <UniqueIdentifier>{5c097e2c-f0c7-4797-afcb-c4dc48316574}</UniqueIdentifier>
    </Filter>
    <Filter Include="Исходные файлы\Renderer\Model">
      <UniqueIdentifier>{3c8d730f-e7f1-4ae3-8c29-f95c5944879b}</UniqueIdentifier>
    </Filter>
    <Filter Include="Исходные файлы\Renderer\Model\Models">
      <UniqueIdentifier>{439b82db-b943-4b01-b54c-c4a1cc42873d}</UniqueIdentifier>
    </Filter>
  </ItemGroup>
  <ItemGroup>
    <ClCompile Include="main.cpp">
      <Filter>Исходные файлы</Filter>
    </ClCompile>
    <ClCompile Include="IO\Joystick.cpp">
      <Filter>Исходные файлы\IO</Filter>
    </ClCompile>
    <ClCompile Include="IO\Keyboard.cpp">
      <Filter>Исходные файлы\IO</Filter>
    </ClCompile>
    <ClCompile Include="IO\Mouse.cpp">
      <Filter>Исходные файлы\IO</Filter>
    </ClCompile>
    <ClCompile Include="Libs\glad.c">
      <Filter>Исходные файлы\Libs</Filter>
    </ClCompile>
    <ClCompile Include="Libs\stb.cpp">
      <Filter>Исходные файлы\Libs</Filter>
    </ClCompile>
    <ClCompile Include="IO\Camera.cpp">
      <Filter>Исходные файлы\IO</Filter>
    </ClCompile>
    <ClCompile Include="IO\Screen.cpp">
      <Filter>Исходные файлы\IO</Filter>
    </ClCompile>
    <ClCompile Include="Renderer\Shaders\Shader.cpp">
      <Filter>Исходные файлы\Renderer\Shaders</Filter>
    </ClCompile>
    <ClCompile Include="Renderer\Textures\Texture.cpp">
      <Filter>Исходные файлы\Renderer\Textures</Filter>
    </ClCompile>
    <ClCompile Include="Renderer\Mesh\Mesh.cpp">
      <Filter>Исходные файлы\Renderer\Mesh</Filter>
    </ClCompile>
    <ClCompile Include="Renderer\Model\Model.cpp">
      <Filter>Исходные файлы\Renderer\Model</Filter>
    </ClCompile>
  </ItemGroup>
  <ItemGroup>
    <None Include="Assets\Shaders\fragment_shader.glsl">
      <Filter>Файлы ресурсов\Shaders\FragmentShaders</Filter>
    </None>
    <None Include="Assets\Shaders\vertex_shader.glsl">
      <Filter>Файлы ресурсов\Shaders\VertexShaders</Filter>
    </None>
  </ItemGroup>
  <ItemGroup>
    <ClInclude Include="IO\Joystick.h">
      <Filter>Исходные файлы\IO</Filter>
    </ClInclude>
    <ClInclude Include="IO\Keyboard.h">
      <Filter>Исходные файлы\IO</Filter>
    </ClInclude>
    <ClInclude Include="IO\Mouse.h">
      <Filter>Исходные файлы\IO</Filter>
    </ClInclude>
    <ClInclude Include="IO\Camera.h">
      <Filter>Исходные файлы\IO</Filter>
    </ClInclude>
    <ClInclude Include="IO\Screen.h">
      <Filter>Исходные файлы\IO</Filter>
    </ClInclude>
    <ClInclude Include="Renderer\Shaders\Shader.h">
      <Filter>Исходные файлы\Renderer\Shaders</Filter>
    </ClInclude>
    <ClInclude Include="Renderer\Textures\Texture.h">
      <Filter>Исходные файлы\Renderer\Textures</Filter>
    </ClInclude>
    <ClInclude Include="Renderer\Mesh\Mesh.h">
      <Filter>Исходные файлы\Renderer\Mesh</Filter>
    </ClInclude>
    <ClInclude Include="Renderer\Model\Model.h">
      <Filter>Исходные файлы\Renderer\Model</Filter>
    </ClInclude>
    <ClInclude Include="Renderer\Model\Models\Cube.hpp">
      <Filter>Исходные файлы\Renderer\Model\Models</Filter>
    </ClInclude>
  </ItemGroup>
  <ItemGroup>
    <Image Include="Assets\Textures\smile_face.png">
      <Filter>Файлы ресурсов\Textures</Filter>
    </Image>
    <Image Include="Assets\Textures\wall.jpg">
      <Filter>Файлы ресурсов\Textures</Filter>
    </Image>
  </ItemGroup>
</Project>